// !$*UTF8*$!
{
	archiveVersion = 1;
	classes = {
	};
	objectVersion = 56;
	objects = {

/* Begin PBXBuildFile section */
		0532F9E32B79E19500FEE765 /* landmarkData.json in Resources */ = {isa = PBXBuildFile; fileRef = 0532F9E22B79E19500FEE765 /* landmarkData.json */; };
		0532F9E52B79E1C800FEE765 /* Landmark.swift in Sources */ = {isa = PBXBuildFile; fileRef = 0532F9E42B79E1C800FEE765 /* Landmark.swift */; };
		0532F9E72B79E2F600FEE765 /* ModelData.swift in Sources */ = {isa = PBXBuildFile; fileRef = 0532F9E62B79E2F600FEE765 /* ModelData.swift */; };
		0532F9EC2B79E6AC00FEE765 /* LandmarkRow.swift in Sources */ = {isa = PBXBuildFile; fileRef = 0532F9EB2B79E6AC00FEE765 /* LandmarkRow.swift */; };
		0532F9EE2B79E96600FEE765 /* LandmarkList.swift in Sources */ = {isa = PBXBuildFile; fileRef = 0532F9ED2B79E96600FEE765 /* LandmarkList.swift */; };
		0532F9F12B79EAE000FEE765 /* LandmarkDetail.swift in Sources */ = {isa = PBXBuildFile; fileRef = 0532F9F02B79EAE000FEE765 /* LandmarkDetail.swift */; };
		0553D0E92B7B17AA00C73747 /* FavoriteButton.swift in Sources */ = {isa = PBXBuildFile; fileRef = 0553D0E82B7B17AA00C73747 /* FavoriteButton.swift */; };
		0553D0ED2B7B306D00C73747 /* HexagonParameters.swift in Sources */ = {isa = PBXBuildFile; fileRef = 0553D0EC2B7B306D00C73747 /* HexagonParameters.swift */; };
		0553D0EF2B7B316300C73747 /* BadgeBackground.swift in Sources */ = {isa = PBXBuildFile; fileRef = 0553D0EE2B7B316300C73747 /* BadgeBackground.swift */; };
		0553D0F12B7B353400C73747 /* BadgeSymbol.swift in Sources */ = {isa = PBXBuildFile; fileRef = 0553D0F02B7B353400C73747 /* BadgeSymbol.swift */; };
		0553D0F32B7B35D400C73747 /* RotateBadgeSymbol.swift in Sources */ = {isa = PBXBuildFile; fileRef = 0553D0F22B7B35D300C73747 /* RotateBadgeSymbol.swift */; };
		0553D0F52B7B367100C73747 /* Badge.swift in Sources */ = {isa = PBXBuildFile; fileRef = 0553D0F42B7B367100C73747 /* Badge.swift */; };
		05EB2CA72B6F53EE0054D275 /* LandmarksApp.swift in Sources */ = {isa = PBXBuildFile; fileRef = 05EB2CA62B6F53EE0054D275 /* LandmarksApp.swift */; };
		05EB2CA92B6F53EE0054D275 /* ContentView.swift in Sources */ = {isa = PBXBuildFile; fileRef = 05EB2CA82B6F53EE0054D275 /* ContentView.swift */; };
		05EB2CAB2B6F53EF0054D275 /* Assets.xcassets in Resources */ = {isa = PBXBuildFile; fileRef = 05EB2CAA2B6F53EF0054D275 /* Assets.xcassets */; };
		05EB2CAE2B6F53EF0054D275 /* Preview Assets.xcassets in Resources */ = {isa = PBXBuildFile; fileRef = 05EB2CAD2B6F53EF0054D275 /* Preview Assets.xcassets */; };
		05EB2CB52B6F5CEB0054D275 /* CircleImage.swift in Sources */ = {isa = PBXBuildFile; fileRef = 05EB2CB42B6F5CEB0054D275 /* CircleImage.swift */; };
		05EB2CB72B6F5DE60054D275 /* MapView.swift in Sources */ = {isa = PBXBuildFile; fileRef = 05EB2CB62B6F5DE60054D275 /* MapView.swift */; };
/* End PBXBuildFile section */

/* Begin PBXFileReference section */
		0532F9E22B79E19500FEE765 /* landmarkData.json */ = {isa = PBXFileReference; fileEncoding = 4; lastKnownFileType = text.json; path = landmarkData.json; sourceTree = "<group>"; };
		0532F9E42B79E1C800FEE765 /* Landmark.swift */ = {isa = PBXFileReference; lastKnownFileType = sourcecode.swift; path = Landmark.swift; sourceTree = "<group>"; };
		0532F9E62B79E2F600FEE765 /* ModelData.swift */ = {isa = PBXFileReference; lastKnownFileType = sourcecode.swift; path = ModelData.swift; sourceTree = "<group>"; };
		0532F9EB2B79E6AC00FEE765 /* LandmarkRow.swift */ = {isa = PBXFileReference; lastKnownFileType = sourcecode.swift; path = LandmarkRow.swift; sourceTree = "<group>"; };
		0532F9ED2B79E96600FEE765 /* LandmarkList.swift */ = {isa = PBXFileReference; lastKnownFileType = sourcecode.swift; path = LandmarkList.swift; sourceTree = "<group>"; };
		0532F9F02B79EAE000FEE765 /* LandmarkDetail.swift */ = {isa = PBXFileReference; lastKnownFileType = sourcecode.swift; path = LandmarkDetail.swift; sourceTree = "<group>"; };
		0553D0E82B7B17AA00C73747 /* FavoriteButton.swift */ = {isa = PBXFileReference; lastKnownFileType = sourcecode.swift; path = FavoriteButton.swift; sourceTree = "<group>"; };
		0553D0EC2B7B306D00C73747 /* HexagonParameters.swift */ = {isa = PBXFileReference; lastKnownFileType = sourcecode.swift; path = HexagonParameters.swift; sourceTree = "<group>"; };
		0553D0EE2B7B316300C73747 /* BadgeBackground.swift */ = {isa = PBXFileReference; lastKnownFileType = sourcecode.swift; path = BadgeBackground.swift; sourceTree = "<group>"; };
		0553D0F02B7B353400C73747 /* BadgeSymbol.swift */ = {isa = PBXFileReference; lastKnownFileType = sourcecode.swift; path = BadgeSymbol.swift; sourceTree = "<group>"; };
		0553D0F22B7B35D300C73747 /* RotateBadgeSymbol.swift */ = {isa = PBXFileReference; lastKnownFileType = sourcecode.swift; path = RotateBadgeSymbol.swift; sourceTree = "<group>"; };
		0553D0F42B7B367100C73747 /* Badge.swift */ = {isa = PBXFileReference; lastKnownFileType = sourcecode.swift; path = Badge.swift; sourceTree = "<group>"; };
		05EB2CA32B6F53EE0054D275 /* Landmarks.app */ = {isa = PBXFileReference; explicitFileType = wrapper.application; includeInIndex = 0; path = Landmarks.app; sourceTree = BUILT_PRODUCTS_DIR; };
		05EB2CA62B6F53EE0054D275 /* LandmarksApp.swift */ = {isa = PBXFileReference; lastKnownFileType = sourcecode.swift; path = LandmarksApp.swift; sourceTree = "<group>"; };
		05EB2CA82B6F53EE0054D275 /* ContentView.swift */ = {isa = PBXFileReference; lastKnownFileType = sourcecode.swift; path = ContentView.swift; sourceTree = "<group>"; };
		05EB2CAA2B6F53EF0054D275 /* Assets.xcassets */ = {isa = PBXFileReference; lastKnownFileType = folder.assetcatalog; path = Assets.xcassets; sourceTree = "<group>"; };
		05EB2CAD2B6F53EF0054D275 /* Preview Assets.xcassets */ = {isa = PBXFileReference; lastKnownFileType = folder.assetcatalog; path = "Preview Assets.xcassets"; sourceTree = "<group>"; };
		05EB2CB42B6F5CEB0054D275 /* CircleImage.swift */ = {isa = PBXFileReference; lastKnownFileType = sourcecode.swift; path = CircleImage.swift; sourceTree = "<group>"; };
		05EB2CB62B6F5DE60054D275 /* MapView.swift */ = {isa = PBXFileReference; lastKnownFileType = sourcecode.swift; path = MapView.swift; sourceTree = "<group>"; };
/* End PBXFileReference section */

/* Begin PBXFrameworksBuildPhase section */
		05EB2CA02B6F53EE0054D275 /* Frameworks */ = {
			isa = PBXFrameworksBuildPhase;
			buildActionMask = 2147483647;
			files = (
			);
			runOnlyForDeploymentPostprocessing = 0;
		};
/* End PBXFrameworksBuildPhase section */

/* Begin PBXGroup section */
		0532F9E12B79E17C00FEE765 /* Resources */ = {
			isa = PBXGroup;
			children = (
				0532F9E22B79E19500FEE765 /* landmarkData.json */,
			);
			path = Resources;
			sourceTree = "<group>";
		};
		0532F9E82B79E40000FEE765 /* Views */ = {
			isa = PBXGroup;
			children = (
				0553D0F62B7B372F00C73747 /* Badge */,
				05EB2CA82B6F53EE0054D275 /* ContentView.swift */,
				0553D0EB2B7B187800C73747 /* Helper */,
				0553D0EA2B7B186D00C73747 /* Landmarks */,
			);
			path = Views;
			sourceTree = "<group>";
		};
		0532F9E92B79E40800FEE765 /* Model */ = {
			isa = PBXGroup;
			children = (
				0532F9E42B79E1C800FEE765 /* Landmark.swift */,
				0532F9E62B79E2F600FEE765 /* ModelData.swift */,
			);
			path = Model;
			sourceTree = "<group>";
		};
		0553D0EA2B7B186D00C73747 /* Landmarks */ = {
			isa = PBXGroup;
			children = (
				0532F9F02B79EAE000FEE765 /* LandmarkDetail.swift */,
				0532F9ED2B79E96600FEE765 /* LandmarkList.swift */,
				0532F9EB2B79E6AC00FEE765 /* LandmarkRow.swift */,
			);
			path = Landmarks;
			sourceTree = "<group>";
		};
		0553D0EB2B7B187800C73747 /* Helper */ = {
			isa = PBXGroup;
			children = (
				05EB2CB42B6F5CEB0054D275 /* CircleImage.swift */,
				0553D0E82B7B17AA00C73747 /* FavoriteButton.swift */,
				05EB2CB62B6F5DE60054D275 /* MapView.swift */,
			);
			path = Helper;
			sourceTree = "<group>";
		};
		0553D0F62B7B372F00C73747 /* Badge */ = {
			isa = PBXGroup;
			children = (
				0553D0F42B7B367100C73747 /* Badge.swift */,
				0553D0EE2B7B316300C73747 /* BadgeBackground.swift */,
				0553D0F02B7B353400C73747 /* BadgeSymbol.swift */,
				0553D0F22B7B35D300C73747 /* RotateBadgeSymbol.swift */,
				0553D0EC2B7B306D00C73747 /* HexagonParameters.swift */,
			);
			path = Badge;
			sourceTree = "<group>";
		};
		05EB2C9A2B6F53EE0054D275 = {
			isa = PBXGroup;
			children = (
				05EB2CA52B6F53EE0054D275 /* Landmarks */,
				05EB2CA42B6F53EE0054D275 /* Products */,
			);
			sourceTree = "<group>";
		};
		05EB2CA42B6F53EE0054D275 /* Products */ = {
			isa = PBXGroup;
			children = (
				05EB2CA32B6F53EE0054D275 /* Landmarks.app */,
			);
			name = Products;
			sourceTree = "<group>";
		};
		05EB2CA52B6F53EE0054D275 /* Landmarks */ = {
			isa = PBXGroup;
			children = (
				05EB2CAA2B6F53EF0054D275 /* Assets.xcassets */,
				05EB2CA62B6F53EE0054D275 /* LandmarksApp.swift */,
				0532F9E92B79E40800FEE765 /* Model */,
				05EB2CAC2B6F53EF0054D275 /* Preview Content */,
				0532F9E12B79E17C00FEE765 /* Resources */,
				0532F9E82B79E40000FEE765 /* Views */,
			);
			path = Landmarks;
			sourceTree = "<group>";
		};
		05EB2CAC2B6F53EF0054D275 /* Preview Content */ = {
			isa = PBXGroup;
			children = (
				05EB2CAD2B6F53EF0054D275 /* Preview Assets.xcassets */,
			);
			path = "Preview Content";
			sourceTree = "<group>";
		};
/* End PBXGroup section */

/* Begin PBXNativeTarget section */
		05EB2CA22B6F53EE0054D275 /* Landmarks */ = {
			isa = PBXNativeTarget;
			buildConfigurationList = 05EB2CB12B6F53EF0054D275 /* Build configuration list for PBXNativeTarget "Landmarks" */;
			buildPhases = (
				05EB2C9F2B6F53EE0054D275 /* Sources */,
				05EB2CA02B6F53EE0054D275 /* Frameworks */,
				05EB2CA12B6F53EE0054D275 /* Resources */,
			);
			buildRules = (
			);
			dependencies = (
			);
			name = Landmarks;
			productName = Landmarks;
			productReference = 05EB2CA32B6F53EE0054D275 /* Landmarks.app */;
			productType = "com.apple.product-type.application";
		};
/* End PBXNativeTarget section */

/* Begin PBXProject section */
		05EB2C9B2B6F53EE0054D275 /* Project object */ = {
			isa = PBXProject;
			attributes = {
				BuildIndependentTargetsInParallel = 1;
				LastSwiftUpdateCheck = 1510;
				LastUpgradeCheck = 1510;
				TargetAttributes = {
					05EB2CA22B6F53EE0054D275 = {
						CreatedOnToolsVersion = 15.1;
					};
				};
			};
			buildConfigurationList = 05EB2C9E2B6F53EE0054D275 /* Build configuration list for PBXProject "Landmarks" */;
			compatibilityVersion = "Xcode 14.0";
			developmentRegion = en;
			hasScannedForEncodings = 0;
			knownRegions = (
				en,
				Base,
			);
			mainGroup = 05EB2C9A2B6F53EE0054D275;
			productRefGroup = 05EB2CA42B6F53EE0054D275 /* Products */;
			projectDirPath = "";
			projectRoot = "";
			targets = (
				05EB2CA22B6F53EE0054D275 /* Landmarks */,
			);
		};
/* End PBXProject section */

/* Begin PBXResourcesBuildPhase section */
		05EB2CA12B6F53EE0054D275 /* Resources */ = {
			isa = PBXResourcesBuildPhase;
			buildActionMask = 2147483647;
			files = (
				05EB2CAE2B6F53EF0054D275 /* Preview Assets.xcassets in Resources */,
				05EB2CAB2B6F53EF0054D275 /* Assets.xcassets in Resources */,
				0532F9E32B79E19500FEE765 /* landmarkData.json in Resources */,
			);
			runOnlyForDeploymentPostprocessing = 0;
		};
/* End PBXResourcesBuildPhase section */

/* Begin PBXSourcesBuildPhase section */
		05EB2C9F2B6F53EE0054D275 /* Sources */ = {
			isa = PBXSourcesBuildPhase;
			buildActionMask = 2147483647;
			files = (
				05EB2CA92B6F53EE0054D275 /* ContentView.swift in Sources */,
				0553D0F52B7B367100C73747 /* Badge.swift in Sources */,
				05EB2CB72B6F5DE60054D275 /* MapView.swift in Sources */,
				0553D0F32B7B35D400C73747 /* RotateBadgeSymbol.swift in Sources */,
				05EB2CA72B6F53EE0054D275 /* LandmarksApp.swift in Sources */,
				0553D0E92B7B17AA00C73747 /* FavoriteButton.swift in Sources */,
				0553D0ED2B7B306D00C73747 /* HexagonParameters.swift in Sources */,
				0553D0F12B7B353400C73747 /* BadgeSymbol.swift in Sources */,
				0532F9EE2B79E96600FEE765 /* LandmarkList.swift in Sources */,
				0532F9F12B79EAE000FEE765 /* LandmarkDetail.swift in Sources */,
				0553D0EF2B7B316300C73747 /* BadgeBackground.swift in Sources */,
				05EB2CB52B6F5CEB0054D275 /* CircleImage.swift in Sources */,
				0532F9E52B79E1C800FEE765 /* Landmark.swift in Sources */,
				0532F9EC2B79E6AC00FEE765 /* LandmarkRow.swift in Sources */,
				0532F9E72B79E2F600FEE765 /* ModelData.swift in Sources */,
			);
			runOnlyForDeploymentPostprocessing = 0;
		};
/* End PBXSourcesBuildPhase section */

/* Begin XCBuildConfiguration section */
		05EB2CAF2B6F53EF0054D275 /* Debug */ = {
			isa = XCBuildConfiguration;
			buildSettings = {
				ALWAYS_SEARCH_USER_PATHS = NO;
				ASSETCATALOG_COMPILER_GENERATE_SWIFT_ASSET_SYMBOL_EXTENSIONS = YES;
				CLANG_ANALYZER_NONNULL = YES;
				CLANG_ANALYZER_NUMBER_OBJECT_CONVERSION = YES_AGGRESSIVE;
				CLANG_CXX_LANGUAGE_STANDARD = "gnu++20";
				CLANG_ENABLE_MODULES = YES;
				CLANG_ENABLE_OBJC_ARC = YES;
				CLANG_ENABLE_OBJC_WEAK = YES;
				CLANG_WARN_BLOCK_CAPTURE_AUTORELEASING = YES;
				CLANG_WARN_BOOL_CONVERSION = YES;
				CLANG_WARN_COMMA = YES;
				CLANG_WARN_CONSTANT_CONVERSION = YES;
				CLANG_WARN_DEPRECATED_OBJC_IMPLEMENTATIONS = YES;
				CLANG_WARN_DIRECT_OBJC_ISA_USAGE = YES_ERROR;
				CLANG_WARN_DOCUMENTATION_COMMENTS = YES;
				CLANG_WARN_EMPTY_BODY = YES;
				CLANG_WARN_ENUM_CONVERSION = YES;
				CLANG_WARN_INFINITE_RECURSION = YES;
				CLANG_WARN_INT_CONVERSION = YES;
				CLANG_WARN_NON_LITERAL_NULL_CONVERSION = YES;
				CLANG_WARN_OBJC_IMPLICIT_RETAIN_SELF = YES;
				CLANG_WARN_OBJC_LITERAL_CONVERSION = YES;
				CLANG_WARN_OBJC_ROOT_CLASS = YES_ERROR;
				CLANG_WARN_QUOTED_INCLUDE_IN_FRAMEWORK_HEADER = YES;
				CLANG_WARN_RANGE_LOOP_ANALYSIS = YES;
				CLANG_WARN_STRICT_PROTOTYPES = YES;
				CLANG_WARN_SUSPICIOUS_MOVE = YES;
				CLANG_WARN_UNGUARDED_AVAILABILITY = YES_AGGRESSIVE;
				CLANG_WARN_UNREACHABLE_CODE = YES;
				CLANG_WARN__DUPLICATE_METHOD_MATCH = YES;
				COPY_PHASE_STRIP = NO;
				DEBUG_INFORMATION_FORMAT = dwarf;
				ENABLE_STRICT_OBJC_MSGSEND = YES;
				ENABLE_TESTABILITY = YES;
				ENABLE_USER_SCRIPT_SANDBOXING = YES;
				GCC_C_LANGUAGE_STANDARD = gnu17;
				GCC_DYNAMIC_NO_PIC = NO;
				GCC_NO_COMMON_BLOCKS = YES;
				GCC_OPTIMIZATION_LEVEL = 0;
				GCC_PREPROCESSOR_DEFINITIONS = (
					"DEBUG=1",
					"$(inherited)",
				);
				GCC_WARN_64_TO_32_BIT_CONVERSION = YES;
				GCC_WARN_ABOUT_RETURN_TYPE = YES_ERROR;
				GCC_WARN_UNDECLARED_SELECTOR = YES;
				GCC_WARN_UNINITIALIZED_AUTOS = YES_AGGRESSIVE;
				GCC_WARN_UNUSED_FUNCTION = YES;
				GCC_WARN_UNUSED_VARIABLE = YES;
				IPHONEOS_DEPLOYMENT_TARGET = 17.2;
				LOCALIZATION_PREFERS_STRING_CATALOGS = YES;
				MTL_ENABLE_DEBUG_INFO = INCLUDE_SOURCE;
				MTL_FAST_MATH = YES;
				ONLY_ACTIVE_ARCH = YES;
				SDKROOT = iphoneos;
				SWIFT_ACTIVE_COMPILATION_CONDITIONS = "DEBUG $(inherited)";
				SWIFT_OPTIMIZATION_LEVEL = "-Onone";
			};
			name = Debug;
		};
		05EB2CB02B6F53EF0054D275 /* Release */ = {
			isa = XCBuildConfiguration;
			buildSettings = {
				ALWAYS_SEARCH_USER_PATHS = NO;
				ASSETCATALOG_COMPILER_GENERATE_SWIFT_ASSET_SYMBOL_EXTENSIONS = YES;
				CLANG_ANALYZER_NONNULL = YES;
				CLANG_ANALYZER_NUMBER_OBJECT_CONVERSION = YES_AGGRESSIVE;
				CLANG_CXX_LANGUAGE_STANDARD = "gnu++20";
				CLANG_ENABLE_MODULES = YES;
				CLANG_ENABLE_OBJC_ARC = YES;
				CLANG_ENABLE_OBJC_WEAK = YES;
				CLANG_WARN_BLOCK_CAPTURE_AUTORELEASING = YES;
				CLANG_WARN_BOOL_CONVERSION = YES;
				CLANG_WARN_COMMA = YES;
				CLANG_WARN_CONSTANT_CONVERSION = YES;
				CLANG_WARN_DEPRECATED_OBJC_IMPLEMENTATIONS = YES;
				CLANG_WARN_DIRECT_OBJC_ISA_USAGE = YES_ERROR;
				CLANG_WARN_DOCUMENTATION_COMMENTS = YES;
				CLANG_WARN_EMPTY_BODY = YES;
				CLANG_WARN_ENUM_CONVERSION = YES;
				CLANG_WARN_INFINITE_RECURSION = YES;
				CLANG_WARN_INT_CONVERSION = YES;
				CLANG_WARN_NON_LITERAL_NULL_CONVERSION = YES;
				CLANG_WARN_OBJC_IMPLICIT_RETAIN_SELF = YES;
				CLANG_WARN_OBJC_LITERAL_CONVERSION = YES;
				CLANG_WARN_OBJC_ROOT_CLASS = YES_ERROR;
				CLANG_WARN_QUOTED_INCLUDE_IN_FRAMEWORK_HEADER = YES;
				CLANG_WARN_RANGE_LOOP_ANALYSIS = YES;
				CLANG_WARN_STRICT_PROTOTYPES = YES;
				CLANG_WARN_SUSPICIOUS_MOVE = YES;
				CLANG_WARN_UNGUARDED_AVAILABILITY = YES_AGGRESSIVE;
				CLANG_WARN_UNREACHABLE_CODE = YES;
				CLANG_WARN__DUPLICATE_METHOD_MATCH = YES;
				COPY_PHASE_STRIP = NO;
				DEBUG_INFORMATION_FORMAT = "dwarf-with-dsym";
				ENABLE_NS_ASSERTIONS = NO;
				ENABLE_STRICT_OBJC_MSGSEND = YES;
				ENABLE_USER_SCRIPT_SANDBOXING = YES;
				GCC_C_LANGUAGE_STANDARD = gnu17;
				GCC_NO_COMMON_BLOCKS = YES;
				GCC_WARN_64_TO_32_BIT_CONVERSION = YES;
				GCC_WARN_ABOUT_RETURN_TYPE = YES_ERROR;
				GCC_WARN_UNDECLARED_SELECTOR = YES;
				GCC_WARN_UNINITIALIZED_AUTOS = YES_AGGRESSIVE;
				GCC_WARN_UNUSED_FUNCTION = YES;
				GCC_WARN_UNUSED_VARIABLE = YES;
				IPHONEOS_DEPLOYMENT_TARGET = 17.2;
				LOCALIZATION_PREFERS_STRING_CATALOGS = YES;
				MTL_ENABLE_DEBUG_INFO = NO;
				MTL_FAST_MATH = YES;
				SDKROOT = iphoneos;
				SWIFT_COMPILATION_MODE = wholemodule;
				VALIDATE_PRODUCT = YES;
			};
			name = Release;
		};
		05EB2CB22B6F53EF0054D275 /* Debug */ = {
			isa = XCBuildConfiguration;
			buildSettings = {
				ASSETCATALOG_COMPILER_APPICON_NAME = AppIcon;
				ASSETCATALOG_COMPILER_GLOBAL_ACCENT_COLOR_NAME = AccentColor;
				CODE_SIGN_STYLE = Automatic;
				CURRENT_PROJECT_VERSION = 1;
				DEVELOPMENT_ASSET_PATHS = "\"Landmarks/Preview Content\"";
				DEVELOPMENT_TEAM = 36B5FN7KNK;
				ENABLE_PREVIEWS = YES;
				GENERATE_INFOPLIST_FILE = YES;
				INFOPLIST_KEY_UIApplicationSceneManifest_Generation = YES;
				INFOPLIST_KEY_UIApplicationSupportsIndirectInputEvents = YES;
				INFOPLIST_KEY_UILaunchScreen_Generation = YES;
				INFOPLIST_KEY_UISupportedInterfaceOrientations_iPad = "UIInterfaceOrientationPortrait UIInterfaceOrientationPortraitUpsideDown UIInterfaceOrientationLandscapeLeft UIInterfaceOrientationLandscapeRight";
				INFOPLIST_KEY_UISupportedInterfaceOrientations_iPhone = "UIInterfaceOrientationPortrait UIInterfaceOrientationLandscapeLeft UIInterfaceOrientationLandscapeRight";
				LD_RUNPATH_SEARCH_PATHS = (
					"$(inherited)",
					"@executable_path/Frameworks",
				);
				MARKETING_VERSION = 1.0;
				PRODUCT_BUNDLE_IDENTIFIER = project.anderson.Landmarks;
				PRODUCT_NAME = "$(TARGET_NAME)";
				SWIFT_EMIT_LOC_STRINGS = YES;
				SWIFT_VERSION = 5.0;
				TARGETED_DEVICE_FAMILY = "1,2";
			};
			name = Debug;
		};
		05EB2CB32B6F53EF0054D275 /* Release */ = {
			isa = XCBuildConfiguration;
			buildSettings = {
				ASSETCATALOG_COMPILER_APPICON_NAME = AppIcon;
				ASSETCATALOG_COMPILER_GLOBAL_ACCENT_COLOR_NAME = AccentColor;
				CODE_SIGN_STYLE = Automatic;
				CURRENT_PROJECT_VERSION = 1;
				DEVELOPMENT_ASSET_PATHS = "\"Landmarks/Preview Content\"";
				DEVELOPMENT_TEAM = 36B5FN7KNK;
				ENABLE_PREVIEWS = YES;
				GENERATE_INFOPLIST_FILE = YES;
				INFOPLIST_KEY_UIApplicationSceneManifest_Generation = YES;
				INFOPLIST_KEY_UIApplicationSupportsIndirectInputEvents = YES;
				INFOPLIST_KEY_UILaunchScreen_Generation = YES;
				INFOPLIST_KEY_UISupportedInterfaceOrientations_iPad = "UIInterfaceOrientationPortrait UIInterfaceOrientationPortraitUpsideDown UIInterfaceOrientationLandscapeLeft UIInterfaceOrientationLandscapeRight";
				INFOPLIST_KEY_UISupportedInterfaceOrientations_iPhone = "UIInterfaceOrientationPortrait UIInterfaceOrientationLandscapeLeft UIInterfaceOrientationLandscapeRight";
				LD_RUNPATH_SEARCH_PATHS = (
					"$(inherited)",
					"@executable_path/Frameworks",
				);
				MARKETING_VERSION = 1.0;
				PRODUCT_BUNDLE_IDENTIFIER = project.anderson.Landmarks;
				PRODUCT_NAME = "$(TARGET_NAME)";
				SWIFT_EMIT_LOC_STRINGS = YES;
				SWIFT_VERSION = 5.0;
				TARGETED_DEVICE_FAMILY = "1,2";
			};
			name = Release;
		};
/* End XCBuildConfiguration section */

/* Begin XCConfigurationList section */
		05EB2C9E2B6F53EE0054D275 /* Build configuration list for PBXProject "Landmarks" */ = {
			isa = XCConfigurationList;
			buildConfigurations = (
				05EB2CAF2B6F53EF0054D275 /* Debug */,
				05EB2CB02B6F53EF0054D275 /* Release */,
			);
			defaultConfigurationIsVisible = 0;
			defaultConfigurationName = Release;
		};
		05EB2CB12B6F53EF0054D275 /* Build configuration list for PBXNativeTarget "Landmarks" */ = {
			isa = XCConfigurationList;
			buildConfigurations = (
				05EB2CB22B6F53EF0054D275 /* Debug */,
				05EB2CB32B6F53EF0054D275 /* Release */,
			);
			defaultConfigurationIsVisible = 0;
			defaultConfigurationName = Release;
		};
/* End XCConfigurationList section */
	};
	rootObject = 05EB2C9B2B6F53EE0054D275 /* Project object */;
}
